// !$*UTF8*$!
{
	archiveVersion = 1;
	classes = {
	};
	objectVersion = 50;
	objects = {

/* Begin PBXBuildFile section */
		0405753A24DA987B0089E166 /* AppDelegate.swift in Sources */ = {isa = PBXBuildFile; fileRef = 0405753924DA987B0089E166 /* AppDelegate.swift */; };
		0405753C24DA987B0089E166 /* SceneDelegate.swift in Sources */ = {isa = PBXBuildFile; fileRef = 0405753B24DA987B0089E166 /* SceneDelegate.swift */; };
		0405753E24DA987B0089E166 /* ViewController.swift in Sources */ = {isa = PBXBuildFile; fileRef = 0405753D24DA987B0089E166 /* ViewController.swift */; };
		0405754124DA987B0089E166 /* Main.storyboard in Resources */ = {isa = PBXBuildFile; fileRef = 0405753F24DA987B0089E166 /* Main.storyboard */; };
		0405754324DA98800089E166 /* Assets.xcassets in Resources */ = {isa = PBXBuildFile; fileRef = 0405754224DA98800089E166 /* Assets.xcassets */; };
		0405754624DA98800089E166 /* LaunchScreen.storyboard in Resources */ = {isa = PBXBuildFile; fileRef = 0405754424DA98800089E166 /* LaunchScreen.storyboard */; };
		0405754E24DA999D0089E166 /* ProductHomeViewController.swift in Sources */ = {isa = PBXBuildFile; fileRef = 0405754D24DA999D0089E166 /* ProductHomeViewController.swift */; };
		0405755024DA9E080089E166 /* ProductListViewController.swift in Sources */ = {isa = PBXBuildFile; fileRef = 0405754F24DA9E080089E166 /* ProductListViewController.swift */; };
		0405755224DA9EA50089E166 /* ProductAddViewController.swift in Sources */ = {isa = PBXBuildFile; fileRef = 0405755124DA9EA50089E166 /* ProductAddViewController.swift */; };
		0405755424DAAA420089E166 /* ProductImportViewController.swift in Sources */ = {isa = PBXBuildFile; fileRef = 0405755324DAAA420089E166 /* ProductImportViewController.swift */; };
		0405755624DAAA510089E166 /* ProductCheckViewController.swift in Sources */ = {isa = PBXBuildFile; fileRef = 0405755524DAAA510089E166 /* ProductCheckViewController.swift */; };
		0405755924DAB2190089E166 /* Model.swift in Sources */ = {isa = PBXBuildFile; fileRef = 0405755824DAB2190089E166 /* Model.swift */; };
		0405755C24DAB8FC0089E166 /* Utilities.swift in Sources */ = {isa = PBXBuildFile; fileRef = 0405755B24DAB8FC0089E166 /* Utilities.swift */; };
		0405755E24DB9CC80089E166 /* NetworkService.swift in Sources */ = {isa = PBXBuildFile; fileRef = 0405755D24DB9CC80089E166 /* NetworkService.swift */; };
		0405756024DBB3DD0089E166 /* ProductDetailViewController.swift in Sources */ = {isa = PBXBuildFile; fileRef = 0405755F24DBB3DD0089E166 /* ProductDetailViewController.swift */; };
		0405756324DC06D20089E166 /* ProductVariantDetailViewController.swift in Sources */ = {isa = PBXBuildFile; fileRef = 0405756224DC06D20089E166 /* ProductVariantDetailViewController.swift */; };
		04403D4624E6815700DC18AC /* ListCategoryViewController.swift in Sources */ = {isa = PBXBuildFile; fileRef = 04403D4524E6815600DC18AC /* ListCategoryViewController.swift */; };
/* End PBXBuildFile section */

/* Begin PBXFileReference section */
		0405753624DA987B0089E166 /* Sapo-Product-Module.app */ = {isa = PBXFileReference; explicitFileType = wrapper.application; includeInIndex = 0; path = "Sapo-Product-Module.app"; sourceTree = BUILT_PRODUCTS_DIR; };
		0405753924DA987B0089E166 /* AppDelegate.swift */ = {isa = PBXFileReference; lastKnownFileType = sourcecode.swift; path = AppDelegate.swift; sourceTree = "<group>"; };
		0405753B24DA987B0089E166 /* SceneDelegate.swift */ = {isa = PBXFileReference; lastKnownFileType = sourcecode.swift; path = SceneDelegate.swift; sourceTree = "<group>"; };
		0405753D24DA987B0089E166 /* ViewController.swift */ = {isa = PBXFileReference; lastKnownFileType = sourcecode.swift; path = ViewController.swift; sourceTree = "<group>"; };
		0405754024DA987B0089E166 /* Base */ = {isa = PBXFileReference; lastKnownFileType = file.storyboard; name = Base; path = Base.lproj/Main.storyboard; sourceTree = "<group>"; };
		0405754224DA98800089E166 /* Assets.xcassets */ = {isa = PBXFileReference; lastKnownFileType = folder.assetcatalog; path = Assets.xcassets; sourceTree = "<group>"; };
		0405754524DA98800089E166 /* Base */ = {isa = PBXFileReference; lastKnownFileType = file.storyboard; name = Base; path = Base.lproj/LaunchScreen.storyboard; sourceTree = "<group>"; };
		0405754724DA98800089E166 /* Info.plist */ = {isa = PBXFileReference; lastKnownFileType = text.plist.xml; path = Info.plist; sourceTree = "<group>"; };
		0405754D24DA999D0089E166 /* ProductHomeViewController.swift */ = {isa = PBXFileReference; lastKnownFileType = sourcecode.swift; path = ProductHomeViewController.swift; sourceTree = "<group>"; };
		0405754F24DA9E080089E166 /* ProductListViewController.swift */ = {isa = PBXFileReference; lastKnownFileType = sourcecode.swift; path = ProductListViewController.swift; sourceTree = "<group>"; };
		0405755124DA9EA50089E166 /* ProductAddViewController.swift */ = {isa = PBXFileReference; lastKnownFileType = sourcecode.swift; path = ProductAddViewController.swift; sourceTree = "<group>"; };
		0405755324DAAA420089E166 /* ProductImportViewController.swift */ = {isa = PBXFileReference; lastKnownFileType = sourcecode.swift; path = ProductImportViewController.swift; sourceTree = "<group>"; };
		0405755524DAAA510089E166 /* ProductCheckViewController.swift */ = {isa = PBXFileReference; lastKnownFileType = sourcecode.swift; path = ProductCheckViewController.swift; sourceTree = "<group>"; };
		0405755824DAB2190089E166 /* Model.swift */ = {isa = PBXFileReference; lastKnownFileType = sourcecode.swift; path = Model.swift; sourceTree = "<group>"; };
		0405755B24DAB8FC0089E166 /* Utilities.swift */ = {isa = PBXFileReference; lastKnownFileType = sourcecode.swift; path = Utilities.swift; sourceTree = "<group>"; };
		0405755D24DB9CC80089E166 /* NetworkService.swift */ = {isa = PBXFileReference; lastKnownFileType = sourcecode.swift; path = NetworkService.swift; sourceTree = "<group>"; };
		0405755F24DBB3DD0089E166 /* ProductDetailViewController.swift */ = {isa = PBXFileReference; lastKnownFileType = sourcecode.swift; path = ProductDetailViewController.swift; sourceTree = "<group>"; };
		0405756224DC06D20089E166 /* ProductVariantDetailViewController.swift */ = {isa = PBXFileReference; lastKnownFileType = sourcecode.swift; path = ProductVariantDetailViewController.swift; sourceTree = "<group>"; };
		04403D4524E6815600DC18AC /* ListCategoryViewController.swift */ = {isa = PBXFileReference; lastKnownFileType = sourcecode.swift; path = ListCategoryViewController.swift; sourceTree = "<group>"; };
/* End PBXFileReference section */

/* Begin PBXFrameworksBuildPhase section */
		0405753324DA987B0089E166 /* Frameworks */ = {
			isa = PBXFrameworksBuildPhase;
			buildActionMask = 2147483647;
			files = (
			);
			runOnlyForDeploymentPostprocessing = 0;
		};
/* End PBXFrameworksBuildPhase section */

/* Begin PBXGroup section */
		0405752D24DA987B0089E166 = {
			isa = PBXGroup;
			children = (
				0405753824DA987B0089E166 /* Sapo-Product-Module */,
				0405753724DA987B0089E166 /* Products */,
			);
			sourceTree = "<group>";
		};
		0405753724DA987B0089E166 /* Products */ = {
			isa = PBXGroup;
			children = (
				0405753624DA987B0089E166 /* Sapo-Product-Module.app */,
			);
			name = Products;
			sourceTree = "<group>";
		};
		0405753824DA987B0089E166 /* Sapo-Product-Module */ = {
			isa = PBXGroup;
			children = (
				0405756124DC06760089E166 /* Controller */,
				0405755A24DAB8DE0089E166 /* Utilities */,
				0405755724DAB1FD0089E166 /* Model */,
				0405753924DA987B0089E166 /* AppDelegate.swift */,
				0405753B24DA987B0089E166 /* SceneDelegate.swift */,
				0405753D24DA987B0089E166 /* ViewController.swift */,
				0405753F24DA987B0089E166 /* Main.storyboard */,
				0405754224DA98800089E166 /* Assets.xcassets */,
				0405754424DA98800089E166 /* LaunchScreen.storyboard */,
				0405754724DA98800089E166 /* Info.plist */,
			);
			path = "Sapo-Product-Module";
			sourceTree = "<group>";
		};
		0405755724DAB1FD0089E166 /* Model */ = {
			isa = PBXGroup;
			children = (
				0405755824DAB2190089E166 /* Model.swift */,
			);
			path = Model;
			sourceTree = "<group>";
		};
		0405755A24DAB8DE0089E166 /* Utilities */ = {
			isa = PBXGroup;
			children = (
				0405755B24DAB8FC0089E166 /* Utilities.swift */,
				0405755D24DB9CC80089E166 /* NetworkService.swift */,
			);
			path = Utilities;
			sourceTree = "<group>";
		};
		0405756124DC06760089E166 /* Controller */ = {
			isa = PBXGroup;
			children = (
				0405754D24DA999D0089E166 /* ProductHomeViewController.swift */,
				0405754F24DA9E080089E166 /* ProductListViewController.swift */,
				0405755124DA9EA50089E166 /* ProductAddViewController.swift */,
				0405755324DAAA420089E166 /* ProductImportViewController.swift */,
				0405755524DAAA510089E166 /* ProductCheckViewController.swift */,
				0405755F24DBB3DD0089E166 /* ProductDetailViewController.swift */,
				0405756224DC06D20089E166 /* ProductVariantDetailViewController.swift */,
				04403D4524E6815600DC18AC /* ListCategoryViewController.swift */,
			);
			path = Controller;
			sourceTree = "<group>";
		};
/* End PBXGroup section */

/* Begin PBXNativeTarget section */
		0405753524DA987B0089E166 /* Sapo-Product-Module */ = {
			isa = PBXNativeTarget;
			buildConfigurationList = 0405754A24DA98800089E166 /* Build configuration list for PBXNativeTarget "Sapo-Product-Module" */;
			buildPhases = (
				0405753224DA987B0089E166 /* Sources */,
				0405753324DA987B0089E166 /* Frameworks */,
				0405753424DA987B0089E166 /* Resources */,
			);
			buildRules = (
			);
			dependencies = (
			);
			name = "Sapo-Product-Module";
			productName = "Sapo-Product-Module";
			productReference = 0405753624DA987B0089E166 /* Sapo-Product-Module.app */;
			productType = "com.apple.product-type.application";
		};
/* End PBXNativeTarget section */

/* Begin PBXProject section */
		0405752E24DA987B0089E166 /* Project object */ = {
			isa = PBXProject;
			attributes = {
				LastSwiftUpdateCheck = 1150;
				LastUpgradeCheck = 1150;
				ORGANIZATIONNAME = mac;
				TargetAttributes = {
					0405753524DA987B0089E166 = {
						CreatedOnToolsVersion = 11.5;
					};
				};
			};
			buildConfigurationList = 0405753124DA987B0089E166 /* Build configuration list for PBXProject "Sapo-Product-Module" */;
			compatibilityVersion = "Xcode 9.3";
			developmentRegion = en;
			hasScannedForEncodings = 0;
			knownRegions = (
				en,
				Base,
			);
			mainGroup = 0405752D24DA987B0089E166;
			productRefGroup = 0405753724DA987B0089E166 /* Products */;
			projectDirPath = "";
			projectRoot = "";
			targets = (
				0405753524DA987B0089E166 /* Sapo-Product-Module */,
			);
		};
/* End PBXProject section */

/* Begin PBXResourcesBuildPhase section */
		0405753424DA987B0089E166 /* Resources */ = {
			isa = PBXResourcesBuildPhase;
			buildActionMask = 2147483647;
			files = (
				0405754624DA98800089E166 /* LaunchScreen.storyboard in Resources */,
				0405754324DA98800089E166 /* Assets.xcassets in Resources */,
				0405754124DA987B0089E166 /* Main.storyboard in Resources */,
			);
			runOnlyForDeploymentPostprocessing = 0;
		};
/* End PBXResourcesBuildPhase section */

/* Begin PBXSourcesBuildPhase section */
		0405753224DA987B0089E166 /* Sources */ = {
			isa = PBXSourcesBuildPhase;
			buildActionMask = 2147483647;
			files = (
				0405755E24DB9CC80089E166 /* NetworkService.swift in Sources */,
				0405755924DAB2190089E166 /* Model.swift in Sources */,
				0405753E24DA987B0089E166 /* ViewController.swift in Sources */,
				0405753A24DA987B0089E166 /* AppDelegate.swift in Sources */,
				0405755624DAAA510089E166 /* ProductCheckViewController.swift in Sources */,
				0405756024DBB3DD0089E166 /* ProductDetailViewController.swift in Sources */,
				0405755424DAAA420089E166 /* ProductImportViewController.swift in Sources */,
				0405755024DA9E080089E166 /* ProductListViewController.swift in Sources */,
				0405753C24DA987B0089E166 /* SceneDelegate.swift in Sources */,
				0405755224DA9EA50089E166 /* ProductAddViewController.swift in Sources */,
				0405755C24DAB8FC0089E166 /* Utilities.swift in Sources */,
				0405756324DC06D20089E166 /* ProductVariantDetailViewController.swift in Sources */,
				04403D4624E6815700DC18AC /* ListCategoryViewController.swift in Sources */,
				0405754E24DA999D0089E166 /* ProductHomeViewController.swift in Sources */,
			);
			runOnlyForDeploymentPostprocessing = 0;
		};
/* End PBXSourcesBuildPhase section */

/* Begin PBXVariantGroup section */
		0405753F24DA987B0089E166 /* Main.storyboard */ = {
			isa = PBXVariantGroup;
			children = (
				0405754024DA987B0089E166 /* Base */,
			);
			name = Main.storyboard;
			sourceTree = "<group>";
		};
		0405754424DA98800089E166 /* LaunchScreen.storyboard */ = {
			isa = PBXVariantGroup;
			children = (
				0405754524DA98800089E166 /* Base */,
			);
			name = LaunchScreen.storyboard;
			sourceTree = "<group>";
		};
/* End PBXVariantGroup section */

/* Begin XCBuildConfiguration section */
		0405754824DA98800089E166 /* Debug */ = {
			isa = XCBuildConfiguration;
			buildSettings = {
				ALWAYS_SEARCH_USER_PATHS = NO;
				CLANG_ANALYZER_NONNULL = YES;
				CLANG_ANALYZER_NUMBER_OBJECT_CONVERSION = YES_AGGRESSIVE;
				CLANG_CXX_LANGUAGE_STANDARD = "gnu++14";
				CLANG_CXX_LIBRARY = "libc++";
				CLANG_ENABLE_MODULES = YES;
				CLANG_ENABLE_OBJC_ARC = YES;
				CLANG_ENABLE_OBJC_WEAK = YES;
				CLANG_WARN_BLOCK_CAPTURE_AUTORELEASING = YES;
				CLANG_WARN_BOOL_CONVERSION = YES;
				CLANG_WARN_COMMA = YES;
				CLANG_WARN_CONSTANT_CONVERSION = YES;
				CLANG_WARN_DEPRECATED_OBJC_IMPLEMENTATIONS = YES;
				CLANG_WARN_DIRECT_OBJC_ISA_USAGE = YES_ERROR;
				CLANG_WARN_DOCUMENTATION_COMMENTS = YES;
				CLANG_WARN_EMPTY_BODY = YES;
				CLANG_WARN_ENUM_CONVERSION = YES;
				CLANG_WARN_INFINITE_RECURSION = YES;
				CLANG_WARN_INT_CONVERSION = YES;
				CLANG_WARN_NON_LITERAL_NULL_CONVERSION = YES;
				CLANG_WARN_OBJC_IMPLICIT_RETAIN_SELF = YES;
				CLANG_WARN_OBJC_LITERAL_CONVERSION = YES;
				CLANG_WARN_OBJC_ROOT_CLASS = YES_ERROR;
				CLANG_WARN_RANGE_LOOP_ANALYSIS = YES;
				CLANG_WARN_STRICT_PROTOTYPES = YES;
				CLANG_WARN_SUSPICIOUS_MOVE = YES;
				CLANG_WARN_UNGUARDED_AVAILABILITY = YES_AGGRESSIVE;
				CLANG_WARN_UNREACHABLE_CODE = YES;
				CLANG_WARN__DUPLICATE_METHOD_MATCH = YES;
				COPY_PHASE_STRIP = NO;
				DEBUG_INFORMATION_FORMAT = dwarf;
				ENABLE_STRICT_OBJC_MSGSEND = YES;
				ENABLE_TESTABILITY = YES;
				GCC_C_LANGUAGE_STANDARD = gnu11;
				GCC_DYNAMIC_NO_PIC = NO;
				GCC_NO_COMMON_BLOCKS = YES;
				GCC_OPTIMIZATION_LEVEL = 0;
				GCC_PREPROCESSOR_DEFINITIONS = (
					"DEBUG=1",
					"$(inherited)",
				);
				GCC_WARN_64_TO_32_BIT_CONVERSION = YES;
				GCC_WARN_ABOUT_RETURN_TYPE = YES_ERROR;
				GCC_WARN_UNDECLARED_SELECTOR = YES;
				GCC_WARN_UNINITIALIZED_AUTOS = YES_AGGRESSIVE;
				GCC_WARN_UNUSED_FUNCTION = YES;
				GCC_WARN_UNUSED_VARIABLE = YES;
				IPHONEOS_DEPLOYMENT_TARGET = 13.5;
				MTL_ENABLE_DEBUG_INFO = INCLUDE_SOURCE;
				MTL_FAST_MATH = YES;
				ONLY_ACTIVE_ARCH = YES;
				SDKROOT = iphoneos;
				SWIFT_ACTIVE_COMPILATION_CONDITIONS = DEBUG;
				SWIFT_OPTIMIZATION_LEVEL = "-Onone";
			};
			name = Debug;
		};
		0405754924DA98800089E166 /* Release */ = {
			isa = XCBuildConfiguration;
			buildSettings = {
				ALWAYS_SEARCH_USER_PATHS = NO;
				CLANG_ANALYZER_NONNULL = YES;
				CLANG_ANALYZER_NUMBER_OBJECT_CONVERSION = YES_AGGRESSIVE;
				CLANG_CXX_LANGUAGE_STANDARD = "gnu++14";
				CLANG_CXX_LIBRARY = "libc++";
				CLANG_ENABLE_MODULES = YES;
				CLANG_ENABLE_OBJC_ARC = YES;
				CLANG_ENABLE_OBJC_WEAK = YES;
				CLANG_WARN_BLOCK_CAPTURE_AUTORELEASING = YES;
				CLANG_WARN_BOOL_CONVERSION = YES;
				CLANG_WARN_COMMA = YES;
				CLANG_WARN_CONSTANT_CONVERSION = YES;
				CLANG_WARN_DEPRECATED_OBJC_IMPLEMENTATIONS = YES;
				CLANG_WARN_DIRECT_OBJC_ISA_USAGE = YES_ERROR;
				CLANG_WARN_DOCUMENTATION_COMMENTS = YES;
				CLANG_WARN_EMPTY_BODY = YES;
				CLANG_WARN_ENUM_CONVERSION = YES;
				CLANG_WARN_INFINITE_RECURSION = YES;
				CLANG_WARN_INT_CONVERSION = YES;
				CLANG_WARN_NON_LITERAL_NULL_CONVERSION = YES;
				CLANG_WARN_OBJC_IMPLICIT_RETAIN_SELF = YES;
				CLANG_WARN_OBJC_LITERAL_CONVERSION = YES;
				CLANG_WARN_OBJC_ROOT_CLASS = YES_ERROR;
				CLANG_WARN_RANGE_LOOP_ANALYSIS = YES;
				CLANG_WARN_STRICT_PROTOTYPES = YES;
				CLANG_WARN_SUSPICIOUS_MOVE = YES;
				CLANG_WARN_UNGUARDED_AVAILABILITY = YES_AGGRESSIVE;
				CLANG_WARN_UNREACHABLE_CODE = YES;
				CLANG_WARN__DUPLICATE_METHOD_MATCH = YES;
				COPY_PHASE_STRIP = NO;
				DEBUG_INFORMATION_FORMAT = "dwarf-with-dsym";
				ENABLE_NS_ASSERTIONS = NO;
				ENABLE_STRICT_OBJC_MSGSEND = YES;
				GCC_C_LANGUAGE_STANDARD = gnu11;
				GCC_NO_COMMON_BLOCKS = YES;
				GCC_WARN_64_TO_32_BIT_CONVERSION = YES;
				GCC_WARN_ABOUT_RETURN_TYPE = YES_ERROR;
				GCC_WARN_UNDECLARED_SELECTOR = YES;
				GCC_WARN_UNINITIALIZED_AUTOS = YES_AGGRESSIVE;
				GCC_WARN_UNUSED_FUNCTION = YES;
				GCC_WARN_UNUSED_VARIABLE = YES;
				IPHONEOS_DEPLOYMENT_TARGET = 13.5;
				MTL_ENABLE_DEBUG_INFO = NO;
				MTL_FAST_MATH = YES;
				SDKROOT = iphoneos;
				SWIFT_COMPILATION_MODE = wholemodule;
				SWIFT_OPTIMIZATION_LEVEL = "-O";
				VALIDATE_PRODUCT = YES;
			};
			name = Release;
		};
		0405754B24DA98800089E166 /* Debug */ = {
			isa = XCBuildConfiguration;
			buildSettings = {
				ASSETCATALOG_COMPILER_APPICON_NAME = AppIcon;
				CODE_SIGN_STYLE = Automatic;
				DEVELOPMENT_TEAM = MM257LS464;
				INFOPLIST_FILE = "Sapo-Product-Module/Info.plist";
				LD_RUNPATH_SEARCH_PATHS = (
					"$(inherited)",
					"@executable_path/Frameworks",
				);
				PRODUCT_BUNDLE_IDENTIFIER = "meomam99.Sapo-Product-Module";
				PRODUCT_NAME = "$(TARGET_NAME)";
				SWIFT_VERSION = 5.0;
				TARGETED_DEVICE_FAMILY = "1,2";
			};
			name = Debug;
		};
		0405754C24DA98800089E166 /* Release */ = {
			isa = XCBuildConfiguration;
			buildSettings = {
				ASSETCATALOG_COMPILER_APPICON_NAME = AppIcon;
				CODE_SIGN_STYLE = Automatic;
				DEVELOPMENT_TEAM = MM257LS464;
				INFOPLIST_FILE = "Sapo-Product-Module/Info.plist";
				LD_RUNPATH_SEARCH_PATHS = (
					"$(inherited)",
					"@executable_path/Frameworks",
				);
				PRODUCT_BUNDLE_IDENTIFIER = "meomam99.Sapo-Product-Module";
				PRODUCT_NAME = "$(TARGET_NAME)";
				SWIFT_VERSION = 5.0;
				TARGETED_DEVICE_FAMILY = "1,2";
			};
			name = Release;
		};
/* End XCBuildConfiguration section */

/* Begin XCConfigurationList section */
		0405753124DA987B0089E166 /* Build configuration list for PBXProject "Sapo-Product-Module" */ = {
			isa = XCConfigurationList;
			buildConfigurations = (
				0405754824DA98800089E166 /* Debug */,
				0405754924DA98800089E166 /* Release */,
			);
			defaultConfigurationIsVisible = 0;
			defaultConfigurationName = Release;
		};
		0405754A24DA98800089E166 /* Build configuration list for PBXNativeTarget "Sapo-Product-Module" */ = {
			isa = XCConfigurationList;
			buildConfigurations = (
				0405754B24DA98800089E166 /* Debug */,
				0405754C24DA98800089E166 /* Release */,
			);
			defaultConfigurationIsVisible = 0;
			defaultConfigurationName = Release;
		};
/* End XCConfigurationList section */
	};
	rootObject = 0405752E24DA987B0089E166 /* Project object */;
}
